
Microsoft Visual Studio Solution File, Format Version 12.00
# Visual Studio Version 17
VisualStudioVersion = 17.7.34202.233
MinimumVisualStudioVersion = 10.0.40219.1
Project("{FAE04EC0-301F-11D3-BF4B-00C04F79EFBC}") = "XamarinLayouts.Android", "XamarinLayouts\XamarinLayouts.Android\XamarinLayouts.Android.csproj", "{CE292E02-6420-4BED-93E0-282E64085180}"
EndProject
Project("{FAE04EC0-301F-11D3-BF4B-00C04F79EFBC}") = "XamarinLayouts.iOS", "XamarinLayouts\XamarinLayouts.iOS\XamarinLayouts.iOS.csproj", "{095C4FBC-D899-45C8-A01D-206886011F25}"
EndProject
Project("{FAE04EC0-301F-11D3-BF4B-00C04F79EFBC}") = "XamarinLayouts", "XamarinLayouts\XamarinLayouts\XamarinLayouts.csproj", "{30D9A2D7-11E8-4B2D-82CA-C2AC39338C44}"
EndProject
Global
	GlobalSection(SolutionConfigurationPlatforms) = preSolution
		Debug|Any CPU = Debug|Any CPU
		Debug|iPhone = Debug|iPhone
		Debug|iPhoneSimulator = Debug|iPhoneSimulator
		Release|Any CPU = Release|Any CPU
		Release|iPhone = Release|iPhone
		Release|iPhoneSimulator = Release|iPhoneSimulator
	EndGlobalSection
	GlobalSection(ProjectConfigurationPlatforms) = postSolution
		{CE292E02-6420-4BED-93E0-282E64085180}.Debug|Any CPU.ActiveCfg = Debug|Any CPU
		{CE292E02-6420-4BED-93E0-282E64085180}.Debug|Any CPU.Build.0 = Debug|Any CPU
		{CE292E02-6420-4BED-93E0-282E64085180}.Debug|Any CPU.Deploy.0 = Debug|Any CPU
		{CE292E02-6420-4BED-93E0-282E64085180}.Debug|iPhone.ActiveCfg = Debug|Any CPU
		{CE292E02-6420-4BED-93E0-282E64085180}.Debug|iPhone.Build.0 = Debug|Any CPU
		{CE292E02-6420-4BED-93E0-282E64085180}.Debug|iPhone.Deploy.0 = Debug|Any CPU
		{CE292E02-6420-4BED-93E0-282E64085180}.Debug|iPhoneSimulator.ActiveCfg = Debug|Any CPU
		{CE292E02-6420-4BED-93E0-282E64085180}.Debug|iPhoneSimulator.Build.0 = Debug|Any CPU
		{CE292E02-6420-4BED-93E0-282E64085180}.Debug|iPhoneSimulator.Deploy.0 = Debug|Any CPU
		{CE292E02-6420-4BED-93E0-282E64085180}.Release|Any CPU.ActiveCfg = Release|Any CPU
		{CE292E02-6420-4BED-93E0-282E64085180}.Release|Any CPU.Build.0 = Release|Any CPU
		{CE292E02-6420-4BED-93E0-282E64085180}.Release|Any CPU.Deploy.0 = Release|Any CPU
		{CE292E02-6420-4BED-93E0-282E64085180}.Release|iPhone.ActiveCfg = Release|Any CPU
		{CE292E02-6420-4BED-93E0-282E64085180}.Release|iPhone.Build.0 = Release|Any CPU
		{CE292E02-6420-4BED-93E0-282E64085180}.Release|iPhone.Deploy.0 = Release|Any CPU
		{CE292E02-6420-4BED-93E0-282E64085180}.Release|iPhoneSimulator.ActiveCfg = Release|Any CPU
		{CE292E02-6420-4BED-93E0-282E64085180}.Release|iPhoneSimulator.Build.0 = Release|Any CPU
		{CE292E02-6420-4BED-93E0-282E64085180}.Release|iPhoneSimulator.Deploy.0 = Release|Any CPU
		{095C4FBC-D899-45C8-A01D-206886011F25}.Debug|Any CPU.ActiveCfg = Debug|iPhone
		{095C4FBC-D899-45C8-A01D-206886011F25}.Debug|Any CPU.Build.0 = Debug|iPhone
		{095C4FBC-D899-45C8-A01D-206886011F25}.Debug|Any CPU.Deploy.0 = Debug|iPhone
		{095C4FBC-D899-45C8-A01D-206886011F25}.Debug|iPhone.ActiveCfg = Debug|iPhone
		{095C4FBC-D899-45C8-A01D-206886011F25}.Debug|iPhone.Build.0 = Debug|iPhone
		{095C4FBC-D899-45C8-A01D-206886011F25}.Debug|iPhone.Deploy.0 = Debug|iPhone
		{095C4FBC-D899-45C8-A01D-206886011F25}.Debug|iPhoneSimulator.ActiveCfg = Debug|iPhoneSimulator
		{095C4FBC-D899-45C8-A01D-206886011F25}.Debug|iPhoneSimulator.Build.0 = Debug|iPhoneSimulator
		{095C4FBC-D899-45C8-A01D-206886011F25}.Debug|iPhoneSimulator.Deploy.0 = Debug|iPhoneSimulator
		{095C4FBC-D899-45C8-A01D-206886011F25}.Release|Any CPU.ActiveCfg = Release|iPhoneSimulator
		{095C4FBC-D899-45C8-A01D-206886011F25}.Release|Any CPU.Build.0 = Release|iPhoneSimulator
		{095C4FBC-D899-45C8-A01D-206886011F25}.Release|Any CPU.Deploy.0 = Release|iPhoneSimulator
		{095C4FBC-D899-45C8-A01D-206886011F25}.Release|iPhone.ActiveCfg = Release|iPhone
		{095C4FBC-D899-45C8-A01D-206886011F25}.Release|iPhone.Build.0 = Release|iPhone
		{095C4FBC-D899-45C8-A01D-206886011F25}.Release|iPhone.Deploy.0 = Release|iPhone
		{095C4FBC-D899-45C8-A01D-206886011F25}.Release|iPhoneSimulator.ActiveCfg = Release|iPhoneSimulator
		{095C4FBC-D899-45C8-A01D-206886011F25}.Release|iPhoneSimulator.Build.0 = Release|iPhoneSimulator
		{095C4FBC-D899-45C8-A01D-206886011F25}.Release|iPhoneSimulator.Deploy.0 = Release|iPhoneSimulator
		{30D9A2D7-11E8-4B2D-82CA-C2AC39338C44}.Debug|Any CPU.ActiveCfg = Debug|Any CPU
		{30D9A2D7-11E8-4B2D-82CA-C2AC39338C44}.Debug|Any CPU.Build.0 = Debug|Any CPU
		{30D9A2D7-11E8-4B2D-82CA-C2AC39338C44}.Debug|Any CPU.Deploy.0 = Debug|Any CPU
		{30D9A2D7-11E8-4B2D-82CA-C2AC39338C44}.Debug|iPhone.ActiveCfg = Debug|Any CPU
		{30D9A2D7-11E8-4B2D-82CA-C2AC39338C44}.Debug|iPhone.Build.0 = Debug|Any CPU
		{30D9A2D7-11E8-4B2D-82CA-C2AC39338C44}.Debug|iPhone.Deploy.0 = Debug|Any CPU
		{30D9A2D7-11E8-4B2D-82CA-C2AC39338C44}.Debug|iPhoneSimulator.ActiveCfg = Debug|Any CPU
		{30D9A2D7-11E8-4B2D-82CA-C2AC39338C44}.Debug|iPhoneSimulator.Build.0 = Debug|Any CPU
		{30D9A2D7-11E8-4B2D-82CA-C2AC39338C44}.Debug|iPhoneSimulator.Deploy.0 = Debug|Any CPU
		{30D9A2D7-11E8-4B2D-82CA-C2AC39338C44}.Release|Any CPU.ActiveCfg = Release|Any CPU
		{30D9A2D7-11E8-4B2D-82CA-C2AC39338C44}.Release|Any CPU.Build.0 = Release|Any CPU
		{30D9A2D7-11E8-4B2D-82CA-C2AC39338C44}.Release|Any CPU.Deploy.0 = Release|Any CPU
		{30D9A2D7-11E8-4B2D-82CA-C2AC39338C44}.Release|iPhone.ActiveCfg = Release|Any CPU
		{30D9A2D7-11E8-4B2D-82CA-C2AC39338C44}.Release|iPhone.Build.0 = Release|Any CPU
		{30D9A2D7-11E8-4B2D-82CA-C2AC39338C44}.Release|iPhone.Deploy.0 = Release|Any CPU
		{30D9A2D7-11E8-4B2D-82CA-C2AC39338C44}.Release|iPhoneSimulator.ActiveCfg = Release|Any CPU
		{30D9A2D7-11E8-4B2D-82CA-C2AC39338C44}.Release|iPhoneSimulator.Build.0 = Release|Any CPU
		{30D9A2D7-11E8-4B2D-82CA-C2AC39338C44}.Release|iPhoneSimulator.Deploy.0 = Release|Any CPU
	EndGlobalSection
	GlobalSection(SolutionProperties) = preSolution
		HideSolutionNode = FALSE
	EndGlobalSection
	GlobalSection(ExtensibilityGlobals) = postSolution
		SolutionGuid = {3049D7EB-F378-47D4-A007-BCB8CC18E440}
	EndGlobalSection
EndGlobal
