
Microsoft Visual Studio Solution File, Format Version 12.00
# Visual Studio Version 17
VisualStudioVersion = 17.7.34202.233
MinimumVisualStudioVersion = 10.0.40219.1
Project("{FAE04EC0-301F-11D3-BF4B-00C04F79EFBC}") = "TipoPaginaXF.Android", "TipoPaginaXF\TipoPaginaXF.Android\TipoPaginaXF.Android.csproj", "{D7C20A8F-C06B-4924-BA26-60B6B4BD5862}"
EndProject
Project("{FAE04EC0-301F-11D3-BF4B-00C04F79EFBC}") = "TipoPaginaXF.iOS", "TipoPaginaXF\TipoPaginaXF.iOS\TipoPaginaXF.iOS.csproj", "{3D67E446-B81E-431C-95FB-CE80DE2095BA}"
EndProject
Project("{FAE04EC0-301F-11D3-BF4B-00C04F79EFBC}") = "TipoPaginaXF", "TipoPaginaXF\TipoPaginaXF\TipoPaginaXF.csproj", "{48160D23-92B3-4597-8257-1970E309082B}"
EndProject
Global
	GlobalSection(SolutionConfigurationPlatforms) = preSolution
		Debug|Any CPU = Debug|Any CPU
		Debug|iPhone = Debug|iPhone
		Debug|iPhoneSimulator = Debug|iPhoneSimulator
		Release|Any CPU = Release|Any CPU
		Release|iPhone = Release|iPhone
		Release|iPhoneSimulator = Release|iPhoneSimulator
	EndGlobalSection
	GlobalSection(ProjectConfigurationPlatforms) = postSolution
		{D7C20A8F-C06B-4924-BA26-60B6B4BD5862}.Debug|Any CPU.ActiveCfg = Debug|Any CPU
		{D7C20A8F-C06B-4924-BA26-60B6B4BD5862}.Debug|Any CPU.Build.0 = Debug|Any CPU
		{D7C20A8F-C06B-4924-BA26-60B6B4BD5862}.Debug|Any CPU.Deploy.0 = Debug|Any CPU
		{D7C20A8F-C06B-4924-BA26-60B6B4BD5862}.Debug|iPhone.ActiveCfg = Debug|Any CPU
		{D7C20A8F-C06B-4924-BA26-60B6B4BD5862}.Debug|iPhone.Build.0 = Debug|Any CPU
		{D7C20A8F-C06B-4924-BA26-60B6B4BD5862}.Debug|iPhone.Deploy.0 = Debug|Any CPU
		{D7C20A8F-C06B-4924-BA26-60B6B4BD5862}.Debug|iPhoneSimulator.ActiveCfg = Debug|Any CPU
		{D7C20A8F-C06B-4924-BA26-60B6B4BD5862}.Debug|iPhoneSimulator.Build.0 = Debug|Any CPU
		{D7C20A8F-C06B-4924-BA26-60B6B4BD5862}.Debug|iPhoneSimulator.Deploy.0 = Debug|Any CPU
		{D7C20A8F-C06B-4924-BA26-60B6B4BD5862}.Release|Any CPU.ActiveCfg = Release|Any CPU
		{D7C20A8F-C06B-4924-BA26-60B6B4BD5862}.Release|Any CPU.Build.0 = Release|Any CPU
		{D7C20A8F-C06B-4924-BA26-60B6B4BD5862}.Release|Any CPU.Deploy.0 = Release|Any CPU
		{D7C20A8F-C06B-4924-BA26-60B6B4BD5862}.Release|iPhone.ActiveCfg = Release|Any CPU
		{D7C20A8F-C06B-4924-BA26-60B6B4BD5862}.Release|iPhone.Build.0 = Release|Any CPU
		{D7C20A8F-C06B-4924-BA26-60B6B4BD5862}.Release|iPhone.Deploy.0 = Release|Any CPU
		{D7C20A8F-C06B-4924-BA26-60B6B4BD5862}.Release|iPhoneSimulator.ActiveCfg = Release|Any CPU
		{D7C20A8F-C06B-4924-BA26-60B6B4BD5862}.Release|iPhoneSimulator.Build.0 = Release|Any CPU
		{D7C20A8F-C06B-4924-BA26-60B6B4BD5862}.Release|iPhoneSimulator.Deploy.0 = Release|Any CPU
		{3D67E446-B81E-431C-95FB-CE80DE2095BA}.Debug|Any CPU.ActiveCfg = Debug|iPhone
		{3D67E446-B81E-431C-95FB-CE80DE2095BA}.Debug|Any CPU.Build.0 = Debug|iPhone
		{3D67E446-B81E-431C-95FB-CE80DE2095BA}.Debug|Any CPU.Deploy.0 = Debug|iPhone
		{3D67E446-B81E-431C-95FB-CE80DE2095BA}.Debug|iPhone.ActiveCfg = Debug|iPhone
		{3D67E446-B81E-431C-95FB-CE80DE2095BA}.Debug|iPhone.Build.0 = Debug|iPhone
		{3D67E446-B81E-431C-95FB-CE80DE2095BA}.Debug|iPhone.Deploy.0 = Debug|iPhone
		{3D67E446-B81E-431C-95FB-CE80DE2095BA}.Debug|iPhoneSimulator.ActiveCfg = Debug|iPhoneSimulator
		{3D67E446-B81E-431C-95FB-CE80DE2095BA}.Debug|iPhoneSimulator.Build.0 = Debug|iPhoneSimulator
		{3D67E446-B81E-431C-95FB-CE80DE2095BA}.Debug|iPhoneSimulator.Deploy.0 = Debug|iPhoneSimulator
		{3D67E446-B81E-431C-95FB-CE80DE2095BA}.Release|Any CPU.ActiveCfg = Release|iPhoneSimulator
		{3D67E446-B81E-431C-95FB-CE80DE2095BA}.Release|Any CPU.Build.0 = Release|iPhoneSimulator
		{3D67E446-B81E-431C-95FB-CE80DE2095BA}.Release|Any CPU.Deploy.0 = Release|iPhoneSimulator
		{3D67E446-B81E-431C-95FB-CE80DE2095BA}.Release|iPhone.ActiveCfg = Release|iPhone
		{3D67E446-B81E-431C-95FB-CE80DE2095BA}.Release|iPhone.Build.0 = Release|iPhone
		{3D67E446-B81E-431C-95FB-CE80DE2095BA}.Release|iPhone.Deploy.0 = Release|iPhone
		{3D67E446-B81E-431C-95FB-CE80DE2095BA}.Release|iPhoneSimulator.ActiveCfg = Release|iPhoneSimulator
		{3D67E446-B81E-431C-95FB-CE80DE2095BA}.Release|iPhoneSimulator.Build.0 = Release|iPhoneSimulator
		{3D67E446-B81E-431C-95FB-CE80DE2095BA}.Release|iPhoneSimulator.Deploy.0 = Release|iPhoneSimulator
		{48160D23-92B3-4597-8257-1970E309082B}.Debug|Any CPU.ActiveCfg = Debug|Any CPU
		{48160D23-92B3-4597-8257-1970E309082B}.Debug|Any CPU.Build.0 = Debug|Any CPU
		{48160D23-92B3-4597-8257-1970E309082B}.Debug|Any CPU.Deploy.0 = Debug|Any CPU
		{48160D23-92B3-4597-8257-1970E309082B}.Debug|iPhone.ActiveCfg = Debug|Any CPU
		{48160D23-92B3-4597-8257-1970E309082B}.Debug|iPhone.Build.0 = Debug|Any CPU
		{48160D23-92B3-4597-8257-1970E309082B}.Debug|iPhone.Deploy.0 = Debug|Any CPU
		{48160D23-92B3-4597-8257-1970E309082B}.Debug|iPhoneSimulator.ActiveCfg = Debug|Any CPU
		{48160D23-92B3-4597-8257-1970E309082B}.Debug|iPhoneSimulator.Build.0 = Debug|Any CPU
		{48160D23-92B3-4597-8257-1970E309082B}.Debug|iPhoneSimulator.Deploy.0 = Debug|Any CPU
		{48160D23-92B3-4597-8257-1970E309082B}.Release|Any CPU.ActiveCfg = Release|Any CPU
		{48160D23-92B3-4597-8257-1970E309082B}.Release|Any CPU.Build.0 = Release|Any CPU
		{48160D23-92B3-4597-8257-1970E309082B}.Release|Any CPU.Deploy.0 = Release|Any CPU
		{48160D23-92B3-4597-8257-1970E309082B}.Release|iPhone.ActiveCfg = Release|Any CPU
		{48160D23-92B3-4597-8257-1970E309082B}.Release|iPhone.Build.0 = Release|Any CPU
		{48160D23-92B3-4597-8257-1970E309082B}.Release|iPhone.Deploy.0 = Release|Any CPU
		{48160D23-92B3-4597-8257-1970E309082B}.Release|iPhoneSimulator.ActiveCfg = Release|Any CPU
		{48160D23-92B3-4597-8257-1970E309082B}.Release|iPhoneSimulator.Build.0 = Release|Any CPU
		{48160D23-92B3-4597-8257-1970E309082B}.Release|iPhoneSimulator.Deploy.0 = Release|Any CPU
	EndGlobalSection
	GlobalSection(SolutionProperties) = preSolution
		HideSolutionNode = FALSE
	EndGlobalSection
	GlobalSection(ExtensibilityGlobals) = postSolution
		SolutionGuid = {CBD588AD-DF9A-4971-B14A-0D7C8525F7A2}
	EndGlobalSection
EndGlobal
