
Microsoft Visual Studio Solution File, Format Version 12.00
# Visual Studio Version 17
VisualStudioVersion = 17.7.34202.233
MinimumVisualStudioVersion = 10.0.40219.1
Project("{FAE04EC0-301F-11D3-BF4B-00C04F79EFBC}") = "ControleXF.Android", "ControleXF\ControleXF.Android\ControleXF.Android.csproj", "{7B8C74EE-8D16-4A85-8616-ED3BBE369F3A}"
EndProject
Project("{FAE04EC0-301F-11D3-BF4B-00C04F79EFBC}") = "ControleXF.iOS", "ControleXF\ControleXF.iOS\ControleXF.iOS.csproj", "{DE5EEC63-3B81-4C0D-9CF5-07E92C45A8ED}"
EndProject
Project("{FAE04EC0-301F-11D3-BF4B-00C04F79EFBC}") = "ControleXF", "ControleXF\ControleXF\ControleXF.csproj", "{4AE87BD3-CD9B-45C1-A9C6-AEBA9B41216F}"
EndProject
Global
	GlobalSection(SolutionConfigurationPlatforms) = preSolution
		Debug|Any CPU = Debug|Any CPU
		Debug|iPhone = Debug|iPhone
		Debug|iPhoneSimulator = Debug|iPhoneSimulator
		Release|Any CPU = Release|Any CPU
		Release|iPhone = Release|iPhone
		Release|iPhoneSimulator = Release|iPhoneSimulator
	EndGlobalSection
	GlobalSection(ProjectConfigurationPlatforms) = postSolution
		{7B8C74EE-8D16-4A85-8616-ED3BBE369F3A}.Debug|Any CPU.ActiveCfg = Debug|Any CPU
		{7B8C74EE-8D16-4A85-8616-ED3BBE369F3A}.Debug|Any CPU.Build.0 = Debug|Any CPU
		{7B8C74EE-8D16-4A85-8616-ED3BBE369F3A}.Debug|Any CPU.Deploy.0 = Debug|Any CPU
		{7B8C74EE-8D16-4A85-8616-ED3BBE369F3A}.Debug|iPhone.ActiveCfg = Debug|Any CPU
		{7B8C74EE-8D16-4A85-8616-ED3BBE369F3A}.Debug|iPhone.Build.0 = Debug|Any CPU
		{7B8C74EE-8D16-4A85-8616-ED3BBE369F3A}.Debug|iPhone.Deploy.0 = Debug|Any CPU
		{7B8C74EE-8D16-4A85-8616-ED3BBE369F3A}.Debug|iPhoneSimulator.ActiveCfg = Debug|Any CPU
		{7B8C74EE-8D16-4A85-8616-ED3BBE369F3A}.Debug|iPhoneSimulator.Build.0 = Debug|Any CPU
		{7B8C74EE-8D16-4A85-8616-ED3BBE369F3A}.Debug|iPhoneSimulator.Deploy.0 = Debug|Any CPU
		{7B8C74EE-8D16-4A85-8616-ED3BBE369F3A}.Release|Any CPU.ActiveCfg = Release|Any CPU
		{7B8C74EE-8D16-4A85-8616-ED3BBE369F3A}.Release|Any CPU.Build.0 = Release|Any CPU
		{7B8C74EE-8D16-4A85-8616-ED3BBE369F3A}.Release|Any CPU.Deploy.0 = Release|Any CPU
		{7B8C74EE-8D16-4A85-8616-ED3BBE369F3A}.Release|iPhone.ActiveCfg = Release|Any CPU
		{7B8C74EE-8D16-4A85-8616-ED3BBE369F3A}.Release|iPhone.Build.0 = Release|Any CPU
		{7B8C74EE-8D16-4A85-8616-ED3BBE369F3A}.Release|iPhone.Deploy.0 = Release|Any CPU
		{7B8C74EE-8D16-4A85-8616-ED3BBE369F3A}.Release|iPhoneSimulator.ActiveCfg = Release|Any CPU
		{7B8C74EE-8D16-4A85-8616-ED3BBE369F3A}.Release|iPhoneSimulator.Build.0 = Release|Any CPU
		{7B8C74EE-8D16-4A85-8616-ED3BBE369F3A}.Release|iPhoneSimulator.Deploy.0 = Release|Any CPU
		{DE5EEC63-3B81-4C0D-9CF5-07E92C45A8ED}.Debug|Any CPU.ActiveCfg = Debug|iPhone
		{DE5EEC63-3B81-4C0D-9CF5-07E92C45A8ED}.Debug|Any CPU.Build.0 = Debug|iPhone
		{DE5EEC63-3B81-4C0D-9CF5-07E92C45A8ED}.Debug|Any CPU.Deploy.0 = Debug|iPhone
		{DE5EEC63-3B81-4C0D-9CF5-07E92C45A8ED}.Debug|iPhone.ActiveCfg = Debug|iPhone
		{DE5EEC63-3B81-4C0D-9CF5-07E92C45A8ED}.Debug|iPhone.Build.0 = Debug|iPhone
		{DE5EEC63-3B81-4C0D-9CF5-07E92C45A8ED}.Debug|iPhone.Deploy.0 = Debug|iPhone
		{DE5EEC63-3B81-4C0D-9CF5-07E92C45A8ED}.Debug|iPhoneSimulator.ActiveCfg = Debug|iPhoneSimulator
		{DE5EEC63-3B81-4C0D-9CF5-07E92C45A8ED}.Debug|iPhoneSimulator.Build.0 = Debug|iPhoneSimulator
		{DE5EEC63-3B81-4C0D-9CF5-07E92C45A8ED}.Debug|iPhoneSimulator.Deploy.0 = Debug|iPhoneSimulator
		{DE5EEC63-3B81-4C0D-9CF5-07E92C45A8ED}.Release|Any CPU.ActiveCfg = Release|iPhoneSimulator
		{DE5EEC63-3B81-4C0D-9CF5-07E92C45A8ED}.Release|Any CPU.Build.0 = Release|iPhoneSimulator
		{DE5EEC63-3B81-4C0D-9CF5-07E92C45A8ED}.Release|Any CPU.Deploy.0 = Release|iPhoneSimulator
		{DE5EEC63-3B81-4C0D-9CF5-07E92C45A8ED}.Release|iPhone.ActiveCfg = Release|iPhone
		{DE5EEC63-3B81-4C0D-9CF5-07E92C45A8ED}.Release|iPhone.Build.0 = Release|iPhone
		{DE5EEC63-3B81-4C0D-9CF5-07E92C45A8ED}.Release|iPhone.Deploy.0 = Release|iPhone
		{DE5EEC63-3B81-4C0D-9CF5-07E92C45A8ED}.Release|iPhoneSimulator.ActiveCfg = Release|iPhoneSimulator
		{DE5EEC63-3B81-4C0D-9CF5-07E92C45A8ED}.Release|iPhoneSimulator.Build.0 = Release|iPhoneSimulator
		{DE5EEC63-3B81-4C0D-9CF5-07E92C45A8ED}.Release|iPhoneSimulator.Deploy.0 = Release|iPhoneSimulator
		{4AE87BD3-CD9B-45C1-A9C6-AEBA9B41216F}.Debug|Any CPU.ActiveCfg = Debug|Any CPU
		{4AE87BD3-CD9B-45C1-A9C6-AEBA9B41216F}.Debug|Any CPU.Build.0 = Debug|Any CPU
		{4AE87BD3-CD9B-45C1-A9C6-AEBA9B41216F}.Debug|Any CPU.Deploy.0 = Debug|Any CPU
		{4AE87BD3-CD9B-45C1-A9C6-AEBA9B41216F}.Debug|iPhone.ActiveCfg = Debug|Any CPU
		{4AE87BD3-CD9B-45C1-A9C6-AEBA9B41216F}.Debug|iPhone.Build.0 = Debug|Any CPU
		{4AE87BD3-CD9B-45C1-A9C6-AEBA9B41216F}.Debug|iPhone.Deploy.0 = Debug|Any CPU
		{4AE87BD3-CD9B-45C1-A9C6-AEBA9B41216F}.Debug|iPhoneSimulator.ActiveCfg = Debug|Any CPU
		{4AE87BD3-CD9B-45C1-A9C6-AEBA9B41216F}.Debug|iPhoneSimulator.Build.0 = Debug|Any CPU
		{4AE87BD3-CD9B-45C1-A9C6-AEBA9B41216F}.Debug|iPhoneSimulator.Deploy.0 = Debug|Any CPU
		{4AE87BD3-CD9B-45C1-A9C6-AEBA9B41216F}.Release|Any CPU.ActiveCfg = Release|Any CPU
		{4AE87BD3-CD9B-45C1-A9C6-AEBA9B41216F}.Release|Any CPU.Build.0 = Release|Any CPU
		{4AE87BD3-CD9B-45C1-A9C6-AEBA9B41216F}.Release|Any CPU.Deploy.0 = Release|Any CPU
		{4AE87BD3-CD9B-45C1-A9C6-AEBA9B41216F}.Release|iPhone.ActiveCfg = Release|Any CPU
		{4AE87BD3-CD9B-45C1-A9C6-AEBA9B41216F}.Release|iPhone.Build.0 = Release|Any CPU
		{4AE87BD3-CD9B-45C1-A9C6-AEBA9B41216F}.Release|iPhone.Deploy.0 = Release|Any CPU
		{4AE87BD3-CD9B-45C1-A9C6-AEBA9B41216F}.Release|iPhoneSimulator.ActiveCfg = Release|Any CPU
		{4AE87BD3-CD9B-45C1-A9C6-AEBA9B41216F}.Release|iPhoneSimulator.Build.0 = Release|Any CPU
		{4AE87BD3-CD9B-45C1-A9C6-AEBA9B41216F}.Release|iPhoneSimulator.Deploy.0 = Release|Any CPU
	EndGlobalSection
	GlobalSection(SolutionProperties) = preSolution
		HideSolutionNode = FALSE
	EndGlobalSection
	GlobalSection(ExtensibilityGlobals) = postSolution
		SolutionGuid = {080EFF2B-F6F9-4CB9-AE54-3E25A7C4D68B}
	EndGlobalSection
EndGlobal
