
Microsoft Visual Studio Solution File, Format Version 12.00
# Visual Studio Version 17
VisualStudioVersion = 17.7.34202.233
MinimumVisualStudioVersion = 10.0.40219.1
Project("{FAE04EC0-301F-11D3-BF4B-00C04F79EFBC}") = "TesteCriarPageContent.Android", "TesteCriarPageContent\TesteCriarPageContent.Android\TesteCriarPageContent.Android.csproj", "{7E88D614-6FA7-49C8-80C8-6EDEAE5FB106}"
EndProject
Project("{FAE04EC0-301F-11D3-BF4B-00C04F79EFBC}") = "TesteCriarPageContent.iOS", "TesteCriarPageContent\TesteCriarPageContent.iOS\TesteCriarPageContent.iOS.csproj", "{3CC7262A-DDAD-447A-8B60-72F5A4C88EC5}"
EndProject
Project("{FAE04EC0-301F-11D3-BF4B-00C04F79EFBC}") = "TesteCriarPageContent", "TesteCriarPageContent\TesteCriarPageContent\TesteCriarPageContent.csproj", "{F2B4C057-96B0-497F-9656-13AB5ED28A66}"
EndProject
Global
	GlobalSection(SolutionConfigurationPlatforms) = preSolution
		Debug|Any CPU = Debug|Any CPU
		Debug|iPhone = Debug|iPhone
		Debug|iPhoneSimulator = Debug|iPhoneSimulator
		Release|Any CPU = Release|Any CPU
		Release|iPhone = Release|iPhone
		Release|iPhoneSimulator = Release|iPhoneSimulator
	EndGlobalSection
	GlobalSection(ProjectConfigurationPlatforms) = postSolution
		{7E88D614-6FA7-49C8-80C8-6EDEAE5FB106}.Debug|Any CPU.ActiveCfg = Debug|Any CPU
		{7E88D614-6FA7-49C8-80C8-6EDEAE5FB106}.Debug|Any CPU.Build.0 = Debug|Any CPU
		{7E88D614-6FA7-49C8-80C8-6EDEAE5FB106}.Debug|Any CPU.Deploy.0 = Debug|Any CPU
		{7E88D614-6FA7-49C8-80C8-6EDEAE5FB106}.Debug|iPhone.ActiveCfg = Debug|Any CPU
		{7E88D614-6FA7-49C8-80C8-6EDEAE5FB106}.Debug|iPhone.Build.0 = Debug|Any CPU
		{7E88D614-6FA7-49C8-80C8-6EDEAE5FB106}.Debug|iPhone.Deploy.0 = Debug|Any CPU
		{7E88D614-6FA7-49C8-80C8-6EDEAE5FB106}.Debug|iPhoneSimulator.ActiveCfg = Debug|Any CPU
		{7E88D614-6FA7-49C8-80C8-6EDEAE5FB106}.Debug|iPhoneSimulator.Build.0 = Debug|Any CPU
		{7E88D614-6FA7-49C8-80C8-6EDEAE5FB106}.Debug|iPhoneSimulator.Deploy.0 = Debug|Any CPU
		{7E88D614-6FA7-49C8-80C8-6EDEAE5FB106}.Release|Any CPU.ActiveCfg = Release|Any CPU
		{7E88D614-6FA7-49C8-80C8-6EDEAE5FB106}.Release|Any CPU.Build.0 = Release|Any CPU
		{7E88D614-6FA7-49C8-80C8-6EDEAE5FB106}.Release|Any CPU.Deploy.0 = Release|Any CPU
		{7E88D614-6FA7-49C8-80C8-6EDEAE5FB106}.Release|iPhone.ActiveCfg = Release|Any CPU
		{7E88D614-6FA7-49C8-80C8-6EDEAE5FB106}.Release|iPhone.Build.0 = Release|Any CPU
		{7E88D614-6FA7-49C8-80C8-6EDEAE5FB106}.Release|iPhone.Deploy.0 = Release|Any CPU
		{7E88D614-6FA7-49C8-80C8-6EDEAE5FB106}.Release|iPhoneSimulator.ActiveCfg = Release|Any CPU
		{7E88D614-6FA7-49C8-80C8-6EDEAE5FB106}.Release|iPhoneSimulator.Build.0 = Release|Any CPU
		{7E88D614-6FA7-49C8-80C8-6EDEAE5FB106}.Release|iPhoneSimulator.Deploy.0 = Release|Any CPU
		{3CC7262A-DDAD-447A-8B60-72F5A4C88EC5}.Debug|Any CPU.ActiveCfg = Debug|iPhone
		{3CC7262A-DDAD-447A-8B60-72F5A4C88EC5}.Debug|Any CPU.Build.0 = Debug|iPhone
		{3CC7262A-DDAD-447A-8B60-72F5A4C88EC5}.Debug|Any CPU.Deploy.0 = Debug|iPhone
		{3CC7262A-DDAD-447A-8B60-72F5A4C88EC5}.Debug|iPhone.ActiveCfg = Debug|iPhone
		{3CC7262A-DDAD-447A-8B60-72F5A4C88EC5}.Debug|iPhone.Build.0 = Debug|iPhone
		{3CC7262A-DDAD-447A-8B60-72F5A4C88EC5}.Debug|iPhone.Deploy.0 = Debug|iPhone
		{3CC7262A-DDAD-447A-8B60-72F5A4C88EC5}.Debug|iPhoneSimulator.ActiveCfg = Debug|iPhoneSimulator
		{3CC7262A-DDAD-447A-8B60-72F5A4C88EC5}.Debug|iPhoneSimulator.Build.0 = Debug|iPhoneSimulator
		{3CC7262A-DDAD-447A-8B60-72F5A4C88EC5}.Debug|iPhoneSimulator.Deploy.0 = Debug|iPhoneSimulator
		{3CC7262A-DDAD-447A-8B60-72F5A4C88EC5}.Release|Any CPU.ActiveCfg = Release|iPhoneSimulator
		{3CC7262A-DDAD-447A-8B60-72F5A4C88EC5}.Release|Any CPU.Build.0 = Release|iPhoneSimulator
		{3CC7262A-DDAD-447A-8B60-72F5A4C88EC5}.Release|Any CPU.Deploy.0 = Release|iPhoneSimulator
		{3CC7262A-DDAD-447A-8B60-72F5A4C88EC5}.Release|iPhone.ActiveCfg = Release|iPhone
		{3CC7262A-DDAD-447A-8B60-72F5A4C88EC5}.Release|iPhone.Build.0 = Release|iPhone
		{3CC7262A-DDAD-447A-8B60-72F5A4C88EC5}.Release|iPhone.Deploy.0 = Release|iPhone
		{3CC7262A-DDAD-447A-8B60-72F5A4C88EC5}.Release|iPhoneSimulator.ActiveCfg = Release|iPhoneSimulator
		{3CC7262A-DDAD-447A-8B60-72F5A4C88EC5}.Release|iPhoneSimulator.Build.0 = Release|iPhoneSimulator
		{3CC7262A-DDAD-447A-8B60-72F5A4C88EC5}.Release|iPhoneSimulator.Deploy.0 = Release|iPhoneSimulator
		{F2B4C057-96B0-497F-9656-13AB5ED28A66}.Debug|Any CPU.ActiveCfg = Debug|Any CPU
		{F2B4C057-96B0-497F-9656-13AB5ED28A66}.Debug|Any CPU.Build.0 = Debug|Any CPU
		{F2B4C057-96B0-497F-9656-13AB5ED28A66}.Debug|Any CPU.Deploy.0 = Debug|Any CPU
		{F2B4C057-96B0-497F-9656-13AB5ED28A66}.Debug|iPhone.ActiveCfg = Debug|Any CPU
		{F2B4C057-96B0-497F-9656-13AB5ED28A66}.Debug|iPhone.Build.0 = Debug|Any CPU
		{F2B4C057-96B0-497F-9656-13AB5ED28A66}.Debug|iPhone.Deploy.0 = Debug|Any CPU
		{F2B4C057-96B0-497F-9656-13AB5ED28A66}.Debug|iPhoneSimulator.ActiveCfg = Debug|Any CPU
		{F2B4C057-96B0-497F-9656-13AB5ED28A66}.Debug|iPhoneSimulator.Build.0 = Debug|Any CPU
		{F2B4C057-96B0-497F-9656-13AB5ED28A66}.Debug|iPhoneSimulator.Deploy.0 = Debug|Any CPU
		{F2B4C057-96B0-497F-9656-13AB5ED28A66}.Release|Any CPU.ActiveCfg = Release|Any CPU
		{F2B4C057-96B0-497F-9656-13AB5ED28A66}.Release|Any CPU.Build.0 = Release|Any CPU
		{F2B4C057-96B0-497F-9656-13AB5ED28A66}.Release|Any CPU.Deploy.0 = Release|Any CPU
		{F2B4C057-96B0-497F-9656-13AB5ED28A66}.Release|iPhone.ActiveCfg = Release|Any CPU
		{F2B4C057-96B0-497F-9656-13AB5ED28A66}.Release|iPhone.Build.0 = Release|Any CPU
		{F2B4C057-96B0-497F-9656-13AB5ED28A66}.Release|iPhone.Deploy.0 = Release|Any CPU
		{F2B4C057-96B0-497F-9656-13AB5ED28A66}.Release|iPhoneSimulator.ActiveCfg = Release|Any CPU
		{F2B4C057-96B0-497F-9656-13AB5ED28A66}.Release|iPhoneSimulator.Build.0 = Release|Any CPU
		{F2B4C057-96B0-497F-9656-13AB5ED28A66}.Release|iPhoneSimulator.Deploy.0 = Release|Any CPU
	EndGlobalSection
	GlobalSection(SolutionProperties) = preSolution
		HideSolutionNode = FALSE
	EndGlobalSection
	GlobalSection(ExtensibilityGlobals) = postSolution
		SolutionGuid = {57732AF0-E672-4036-B489-CB842A68F786}
	EndGlobalSection
EndGlobal
